
Microsoft Visual Studio Solution File, Format Version 12.00
Project("{FAE04EC0-301F-11D3-BF4B-00C04F79EFBC}") = "CalculatorApp", "CalculatorApp\CalculatorApp.csproj", "{8CE12527-CE4B-4FFE-8630-0F12FF861938}"
EndProject
Global
	GlobalSection(SolutionConfigurationPlatforms) = preSolution
		Debug|Any CPU = Debug|Any CPU
		Release|Any CPU = Release|Any CPU
	EndGlobalSection
	GlobalSection(ProjectConfigurationPlatforms) = postSolution
		{8CE12527-CE4B-4FFE-8630-0F12FF861938}.Debug|Any CPU.ActiveCfg = Debug|Any CPU
		{8CE12527-CE4B-4FFE-8630-0F12FF861938}.Debug|Any CPU.Build.0 = Debug|Any CPU
		{8CE12527-CE4B-4FFE-8630-0F12FF861938}.Release|Any CPU.ActiveCfg = Release|Any CPU
		{8CE12527-CE4B-4FFE-8630-0F12FF861938}.Release|Any CPU.Build.0 = Release|Any CPU
	EndGlobalSection
EndGlobal
